
Microsoft Visual Studio Solution File, Format Version 12.00
# Visual Studio Version 17
VisualStudioVersion = 17.6.33801.468
MinimumVisualStudioVersion = 10.0.40219.1
Project("{FAE04EC0-301F-11D3-BF4B-00C04F79EFBC}") = "HS.Data", "HS.Data\HS.Data.csproj", "{8E4F2D64-B843-4511-8D96-5A96696EC1FB}"
EndProject
Project("{FAE04EC0-301F-11D3-BF4B-00C04F79EFBC}") = "HS.Services", "HS.Services\HS.Services.csproj", "{A8ECB9BF-B954-4E7B-B989-9C90B2C9E550}"
EndProject
Project("{FAE04EC0-301F-11D3-BF4B-00C04F79EFBC}") = "HosDashboard", "HosDashboard\HosDashboard.csproj", "{60109C07-B100-446E-93C5-FB4A9736C7EA}"
EndProject
Project("{FAE04EC0-301F-11D3-BF4B-00C04F79EFBC}") = "HS.Models", "HS.Models\HS.Models.csproj", "{502F3530-7E72-451F-814C-25BCA42FAECA}"
EndProject
Global
	GlobalSection(SolutionConfigurationPlatforms) = preSolution
		Debug|Any CPU = Debug|Any CPU
		Release|Any CPU = Release|Any CPU
	EndGlobalSection
	GlobalSection(ProjectConfigurationPlatforms) = postSolution
		{8E4F2D64-B843-4511-8D96-5A96696EC1FB}.Debug|Any CPU.ActiveCfg = Debug|Any CPU
		{8E4F2D64-B843-4511-8D96-5A96696EC1FB}.Debug|Any CPU.Build.0 = Debug|Any CPU
		{8E4F2D64-B843-4511-8D96-5A96696EC1FB}.Release|Any CPU.ActiveCfg = Release|Any CPU
		{8E4F2D64-B843-4511-8D96-5A96696EC1FB}.Release|Any CPU.Build.0 = Release|Any CPU
		{A8ECB9BF-B954-4E7B-B989-9C90B2C9E550}.Debug|Any CPU.ActiveCfg = Debug|Any CPU
		{A8ECB9BF-B954-4E7B-B989-9C90B2C9E550}.Debug|Any CPU.Build.0 = Debug|Any CPU
		{A8ECB9BF-B954-4E7B-B989-9C90B2C9E550}.Release|Any CPU.ActiveCfg = Release|Any CPU
		{A8ECB9BF-B954-4E7B-B989-9C90B2C9E550}.Release|Any CPU.Build.0 = Release|Any CPU
		{60109C07-B100-446E-93C5-FB4A9736C7EA}.Debug|Any CPU.ActiveCfg = Debug|Any CPU
		{60109C07-B100-446E-93C5-FB4A9736C7EA}.Debug|Any CPU.Build.0 = Debug|Any CPU
		{60109C07-B100-446E-93C5-FB4A9736C7EA}.Release|Any CPU.ActiveCfg = Release|Any CPU
		{60109C07-B100-446E-93C5-FB4A9736C7EA}.Release|Any CPU.Build.0 = Release|Any CPU
		{502F3530-7E72-451F-814C-25BCA42FAECA}.Debug|Any CPU.ActiveCfg = Debug|Any CPU
		{502F3530-7E72-451F-814C-25BCA42FAECA}.Debug|Any CPU.Build.0 = Debug|Any CPU
		{502F3530-7E72-451F-814C-25BCA42FAECA}.Release|Any CPU.ActiveCfg = Release|Any CPU
		{502F3530-7E72-451F-814C-25BCA42FAECA}.Release|Any CPU.Build.0 = Release|Any CPU
	EndGlobalSection
	GlobalSection(SolutionProperties) = preSolution
		HideSolutionNode = FALSE
	EndGlobalSection
	GlobalSection(ExtensibilityGlobals) = postSolution
		SolutionGuid = {2869451A-693E-4BF2-9762-6A479DCC8435}
	EndGlobalSection
EndGlobal
